{
  "requires": true,
  "lockfileVersion": 1,
  "dependencies": {
    "@types/underscore": {
      "version": "1.10.1",
      "resolved": "https://registry.npmjs.org/@types/underscore/-/underscore-1.10.1.tgz",
      "integrity": "sha512-RRQWytGzPUhybKdf7jhfcySkdEHMDsVZ0gU3XVIxeqms1UKu3+ICaTXNaNGAkcUbIJ8SUKpmUIS1z9mDVc7seg=="
    },
    "underscore": {
      "version": "1.10.2",
      "resolved": "https://registry.npmjs.org/underscore/-/underscore-1.10.2.tgz",
      "integrity": "sha512-N4P+Q/BuyuEKFJ43B9gYuOj4TQUHXX+j2FqguVOpjkssLUUrnJofCcBccJSCoeturDoZU6GorDTHSvUDlSQbTg=="
    }
  }
}
